{"SurveyEntry":{"SurveyID":"SV_0oIII7YEMEwID4i","SurveyName":"Convergence_Exp_4","SurveyDescription":null,"SurveyOwnerID":"UR_a33UH4D9NPYNA57","SurveyBrandID":"cognitionens","DivisionID":null,"SurveyLanguage":"EN","SurveyActiveResponseSet":"RS_6JdaThY0aPIfheS","SurveyStatus":"Active","SurveyStartDate":"0000-00-00 00:00:00","SurveyExpirationDate":"0000-00-00 00:00:00","SurveyCreationDate":"2023-03-13 04:17:10","CreatorID":"UR_a33UH4D9NPYNA57","LastModified":"2023-04-14 10:22:20","LastAccessed":"0000-00-00 00:00:00","LastActivated":"2023-03-16 06:35:04","Deleted":null},"SurveyElements":[{"SurveyID":"SV_0oIII7YEMEwID4i","Element":"BL","PrimaryAttribute":"Survey Blocks","SecondaryAttribute":null,"TertiaryAttribute":null,"Payload":{"1":{"Type":"Trash","Description":"Trash \/ Unused Questions","ID":"BL_b4rLrFXa66B6qNg","BlockElements":[]},"3":{"Type":"Standard","SubType":"","Description":"opposingmajority_a","ID":"BL_5chMuOKNxsfcVPE","BlockElements":[{"Type":"Question","QuestionID":"QID1211623696"},{"Type":"Question","QuestionID":"QID1211623697"},{"Type":"Question","QuestionID":"QID33"},{"Type":"Question","QuestionID":"QID11"},{"Type":"Question","QuestionID":"QID1211623701"}],"Options":{"BlockLocking":false,"RandomizeQuestions":"false","BlockVisibility":"Expanded"}},"5":{"Type":"Standard","SubType":"","Description":"Attention check","ID":"BL_7adAugt440KjcQS","Options":{"BlockLocking":false,"RandomizeQuestions":"false","BlockVisibility":"Collapsed"},"BlockElements":[{"Type":"Question","QuestionID":"QID1211687479"}]},"6":{"Type":"Standard","Description":"Consent form","ID":"BL_3WqFScXZAgrYU0m","BlockElements":[{"Type":"Question","QuestionID":"QID1211687480"}],"Options":{"BlockLocking":false,"RandomizeQuestions":"false","BlockVisibility":"Collapsed"}},"7":{"Type":"Standard","SubType":"","Description":"Explanation of study","ID":"BL_bPJHGjJVN2iHRlk","Options":{"BlockLocking":false,"RandomizeQuestions":"false","BlockVisibility":"Collapsed"},"BlockElements":[{"Type":"Question","QuestionID":"QID1211687481"}]},"8":{"Type":"Standard","SubType":"","Description":"opposingmajority_b","ID":"BL_9prSiqGkgvJs098","BlockElements":[{"Type":"Question","QuestionID":"QID36"},{"Type":"Question","QuestionID":"QID37"},{"Type":"Question","QuestionID":"QID38"},{"Type":"Question","QuestionID":"QID39"},{"Type":"Question","QuestionID":"QID71"}],"Options":{"BlockLocking":false,"RandomizeQuestions":"false","BlockVisibility":"Collapsed"}},"9":{"Type":"Standard","SubType":"","Description":"dissensus_a","ID":"BL_cFRE6ckfEE8pzqS","BlockElements":[{"Type":"Question","QuestionID":"QID41"},{"Type":"Question","QuestionID":"QID42"},{"Type":"Question","QuestionID":"QID43"},{"Type":"Question","QuestionID":"QID44"},{"Type":"Question","QuestionID":"QID45"}],"Options":{"BlockLocking":false,"RandomizeQuestions":"false","BlockVisibility":"Collapsed"}},"10":{"Type":"Standard","SubType":"","Description":"dissensus_b","ID":"BL_bHqxA0UjjBqiNZc","BlockElements":[{"Type":"Question","QuestionID":"QID46"},{"Type":"Question","QuestionID":"QID47"},{"Type":"Question","QuestionID":"QID48"},{"Type":"Question","QuestionID":"QID49"},{"Type":"Question","QuestionID":"QID50"}],"Options":{"BlockLocking":false,"RandomizeQuestions":"false","BlockVisibility":"Collapsed"}},"11":{"Type":"Standard","SubType":"","Description":"majority_a","ID":"BL_exF2cbztzzXByCy","BlockElements":[{"Type":"Question","QuestionID":"QID51"},{"Type":"Question","QuestionID":"QID52"},{"Type":"Question","QuestionID":"QID53"},{"Type":"Question","QuestionID":"QID54"},{"Type":"Question","QuestionID":"QID55"}],"Options":{"BlockLocking":false,"RandomizeQuestions":"false","BlockVisibility":"Collapsed"}},"12":{"Type":"Standard","SubType":"","Description":"majority_b","ID":"BL_3r2Hme9NZZHMZcq","BlockElements":[{"Type":"Question","QuestionID":"QID56"},{"Type":"Question","QuestionID":"QID57"},{"Type":"Question","QuestionID":"QID58"},{"Type":"Question","QuestionID":"QID59"},{"Type":"Question","QuestionID":"QID60"}],"Options":{"BlockLocking":false,"RandomizeQuestions":"false","BlockVisibility":"Collapsed"}},"13":{"Type":"Standard","SubType":"","Description":"consensus_a","ID":"BL_1BxL11ieAJpVXKe","BlockElements":[{"Type":"Question","QuestionID":"QID61"},{"Type":"Question","QuestionID":"QID62"},{"Type":"Question","QuestionID":"QID63"},{"Type":"Question","QuestionID":"QID64"},{"Type":"Question","QuestionID":"QID65"}],"Options":{"BlockLocking":false,"RandomizeQuestions":"false","BlockVisibility":"Collapsed"}},"14":{"Type":"Standard","SubType":"","Description":"consensus_b","ID":"BL_exiLiqeyz6rkRqm","BlockElements":[{"Type":"Question","QuestionID":"QID66"},{"Type":"Question","QuestionID":"QID67"},{"Type":"Question","QuestionID":"QID68"},{"Type":"Question","QuestionID":"QID69"},{"Type":"Question","QuestionID":"QID70"}],"Options":{"BlockLocking":false,"RandomizeQuestions":"false","BlockVisibility":"Collapsed"}},"16":{"Type":"Standard","SubType":"","Description":"Demographics","ID":"BL_5ig0riimRcXtFS6","BlockElements":[{"Type":"Question","QuestionID":"QID1211775182"},{"Type":"Question","QuestionID":"QID1211775183"},{"Type":"Question","QuestionID":"QID1211775184"},{"Type":"Question","QuestionID":"QID1211775185"},{"Type":"Question","QuestionID":"QID1211775186"}],"Options":{"BlockLocking":false,"RandomizeQuestions":"false","BlockVisibility":"Collapsed"}}}},{"SurveyID":"SV_0oIII7YEMEwID4i","Element":"FL","PrimaryAttribute":"Survey Flow","SecondaryAttribute":null,"TertiaryAttribute":null,"Payload":{"Type":"Root","FlowID":"FL_1","Flow":[{"Type":"EmbeddedData","FlowID":"FL_2","EmbeddedData":[{"Description":"PROLIFIC_PID","Type":"Recipient","Field":"PROLIFIC_PID","VariableType":"String","DataVisibility":[],"AnalyzeText":false}]},{"Type":"Standard","ID":"BL_3WqFScXZAgrYU0m","FlowID":"FL_3","Autofill":[]},{"Type":"Standard","ID":"BL_7adAugt440KjcQS","FlowID":"FL_4","Autofill":[]},{"Type":"Standard","ID":"BL_bPJHGjJVN2iHRlk","FlowID":"FL_5","Autofill":[]},{"Type":"BlockRandomizer","FlowID":"FL_6","SubSet":8,"Flow":[{"Type":"Group","FlowID":"FL_9","Description":"Untitled Group","Flow":[{"Type":"EmbeddedData","FlowID":"FL_32","EmbeddedData":[{"Description":"counter","Type":"Custom","Field":"counter","VariableType":"String","DataVisibility":[],"AnalyzeText":false,"Value":"$e{ e:\/\/Field\/counter + 1 }"}]},{"Type":"Standard","ID":"BL_5chMuOKNxsfcVPE","FlowID":"FL_33","Autofill":[]}]},{"Type":"Group","FlowID":"FL_10","Description":"Untitled Group","Flow":[{"Type":"EmbeddedData","FlowID":"FL_30","EmbeddedData":[{"Description":"counter","Type":"Custom","Field":"counter","VariableType":"String","DataVisibility":[],"AnalyzeText":false,"Value":"$e{ e:\/\/Field\/counter + 1 }"}]},{"Type":"Standard","ID":"BL_9prSiqGkgvJs098","FlowID":"FL_31","Autofill":[]}]},{"Type":"Group","FlowID":"FL_11","Description":"Untitled Group","Flow":[{"Type":"EmbeddedData","FlowID":"FL_28","EmbeddedData":[{"Description":"counter","Type":"Custom","Field":"counter","VariableType":"String","DataVisibility":[],"AnalyzeText":false,"Value":"$e{ e:\/\/Field\/counter + 1 }"}]},{"Type":"Standard","ID":"BL_cFRE6ckfEE8pzqS","FlowID":"FL_29","Autofill":[]}]},{"Type":"Group","FlowID":"FL_12","Description":"Untitled Group","Flow":[{"Type":"EmbeddedData","FlowID":"FL_26","EmbeddedData":[{"Description":"counter","Type":"Custom","Field":"counter","VariableType":"String","DataVisibility":[],"AnalyzeText":false,"Value":"$e{ e:\/\/Field\/counter + 1 }"}]},{"Type":"Standard","ID":"BL_bHqxA0UjjBqiNZc","FlowID":"FL_27","Autofill":[]}]},{"Type":"Group","FlowID":"FL_13","Description":"Untitled Group","Flow":[{"Type":"EmbeddedData","FlowID":"FL_24","EmbeddedData":[{"Description":"counter","Type":"Custom","Field":"counter","VariableType":"String","DataVisibility":[],"AnalyzeText":false,"Value":"$e{ e:\/\/Field\/counter + 1 }"}]},{"Type":"Standard","ID":"BL_exF2cbztzzXByCy","FlowID":"FL_25","Autofill":[]}]},{"Type":"Group","FlowID":"FL_14","Description":"Untitled Group","Flow":[{"Type":"EmbeddedData","FlowID":"FL_22","EmbeddedData":[{"Description":"counter","Type":"Custom","Field":"counter","VariableType":"String","DataVisibility":[],"AnalyzeText":false,"Value":"$e{ e:\/\/Field\/counter + 1 }"}]},{"Type":"Standard","ID":"BL_3r2Hme9NZZHMZcq","FlowID":"FL_23","Autofill":[]}]},{"Type":"Group","FlowID":"FL_15","Description":"Untitled Group","Flow":[{"Type":"EmbeddedData","FlowID":"FL_20","EmbeddedData":[{"Description":"counter","Type":"Custom","Field":"counter","VariableType":"String","DataVisibility":[],"AnalyzeText":false,"Value":"$e{ e:\/\/Field\/counter + 1 }"}]},{"Type":"Standard","ID":"BL_1BxL11ieAJpVXKe","FlowID":"FL_21","Autofill":[]}]},{"Type":"Group","FlowID":"FL_16","Description":"Untitled Group","Flow":[{"Type":"EmbeddedData","FlowID":"FL_17","EmbeddedData":[{"Description":"counter","Type":"Custom","Field":"counter","VariableType":"String","DataVisibility":[],"AnalyzeText":false,"Value":"$e{ e:\/\/Field\/counter + 1 }"}]},{"Type":"Standard","ID":"BL_exiLiqeyz6rkRqm","FlowID":"FL_18","Autofill":[]}]}]},{"Type":"Standard","ID":"BL_5ig0riimRcXtFS6","FlowID":"FL_8","Autofill":[]},{"Type":"EndSurvey","FlowID":"FL_7"}],"Properties":{"Count":33,"RemovedFieldsets":[]}}},{"SurveyID":"SV_0oIII7YEMEwID4i","Element":"PL","PrimaryAttribute":"Preview Link","SecondaryAttribute":null,"TertiaryAttribute":null,"Payload":{"PreviewType":"Brand","PreviewID":"a64005c4-123b-4aca-84d7-828d85253dc1"}},{"SurveyID":"SV_0oIII7YEMEwID4i","Element":"RS","PrimaryAttribute":"RS_6JdaThY0aPIfheS","SecondaryAttribute":null,"TertiaryAttribute":null,"Payload":null},{"SurveyID":"SV_0oIII7YEMEwID4i","Element":"SO","PrimaryAttribute":"Survey Options","SecondaryAttribute":null,"TertiaryAttribute":null,"Payload":{"BackButton":"false","SaveAndContinue":"true","SurveyProtection":"PublicSurvey","BallotBoxStuffingPrevention":"false","NoIndex":"Yes","SecureResponseFiles":"true","SurveyExpiration":"None","SurveyTermination":"Redirect","Header":"","Footer":"","ProgressBarDisplay":"None","PartialData":"+1 week","ValidationMessage":null,"PreviousButton":"","NextButton":"","SurveyTitle":"Qualtrics Survey | Qualtrics Experience Management","SkinLibrary":"cognitionens","SkinType":"templated","Skin":{"brandingId":null,"templateId":"*2014","overrides":null},"NewScoring":1,"SurveyMetaDescription":"The most powerful, simple and trusted way to gather experience data. Start your journey to experience management and try a free account today.","EOSMessage":null,"ShowExportTags":"false","CollectGeoLocation":"false","PasswordProtection":"No","AnonymizeResponse":"No","RefererCheck":"No","BallotBoxStuffingPreventionBehavior":null,"BallotBoxStuffingPreventionMessage":null,"BallotBoxStuffingPreventionMessageLibrary":null,"BallotBoxStuffingPreventionURL":null,"RecaptchaV3":"false","ConfirmStart":false,"AutoConfirmStart":false,"RelevantID":"false","RelevantIDLockoutPeriod":"+30 days","UseCustomSurveyLinkCompletedMessage":null,"SurveyLinkCompletedMessage":null,"SurveyLinkCompletedMessageLibrary":null,"ResponseSummary":"No","EOSMessageLibrary":null,"EOSRedirectURL":"https:\/\/app.prolific.co\/submissions\/complete?cc=5A34BA6B","EmailThankYou":"false","ThankYouEmailMessageLibrary":null,"ThankYouEmailMessage":null,"ValidateMessage":"false","ValidationMessageLibrary":null,"InactiveSurvey":null,"PartialDeletion":null,"PartialDataCloseAfter":"LastActivity","InactiveMessageLibrary":null,"InactiveMessage":null,"AvailableLanguages":{"EN":[]},"ProtectSelectionIds":true,"SurveyName":"Convergence_Exp_4"}},{"SurveyID":"SV_0oIII7YEMEwID4i","Element":"SCO","PrimaryAttribute":"Scoring","SecondaryAttribute":null,"TertiaryAttribute":null,"Payload":{"ScoringCategories":[],"ScoringCategoryGroups":[],"ScoringSummaryCategory":null,"ScoringSummaryAfterQuestions":0,"ScoringSummaryAfterSurvey":0,"DefaultScoringCategory":null,"AutoScoringCategory":null}},{"SurveyID":"SV_0oIII7YEMEwID4i","Element":"PROJ","PrimaryAttribute":"CORE","SecondaryAttribute":null,"TertiaryAttribute":"1.1.0","Payload":{"ProjectCategory":"CORE","SchemaVersion":"1.1.0"}},{"SurveyID":"SV_0oIII7YEMEwID4i","Element":"STAT","PrimaryAttribute":"Survey Statistics","SecondaryAttribute":null,"TertiaryAttribute":null,"Payload":{"MobileCompatible":true,"ID":"Survey Statistics"}},{"SurveyID":"SV_0oIII7YEMEwID4i","Element":"QC","PrimaryAttribute":"Survey Question Count","SecondaryAttribute":"76","TertiaryAttribute":null,"Payload":null},{"SurveyID":"SV_0oIII7YEMEwID4i","Element":"SQ","PrimaryAttribute":"QID33","SecondaryAttribute":"\u00a0","TertiaryAttribute":null,"Payload":{"QuestionText":"<img src=\"https:\/\/cognitionens.eu.qualtrics.com\/CP\/Graphic.php?IM=IM_gyqMW0MpjEoRhOd\" \/><br \/>\n<br \/>\n<br \/>\n&nbsp;","DefaultChoices":false,"DataExportTag":"Q30","QuestionType":"DB","Selector":"TB","DataVisibility":{"Private":false,"Hidden":false},"Configuration":{"QuestionDescriptionOption":"UseText"},"QuestionDescription":"\u00a0","ChoiceOrder":[],"Validation":{"Settings":{"Type":"None"}},"GradingData":[],"Language":[],"NextChoiceId":5,"NextAnswerId":1,"QuestionID":"QID33"}},{"SurveyID":"SV_0oIII7YEMEwID4i","Element":"SQ","PrimaryAttribute":"QID38","SecondaryAttribute":"\u00a0","TertiaryAttribute":null,"Payload":{"QuestionText":"<img src=\"https:\/\/cognitionens.eu.qualtrics.com\/CP\/Graphic.php?IM=IM_PzN9Cg7ZWAo0mVO\" \/><br \/>\n<br \/>\n<br \/>\n&nbsp;","DefaultChoices":false,"QuestionType":"DB","Selector":"TB","DataVisibility":{"Private":false,"Hidden":false},"Configuration":{"QuestionDescriptionOption":"UseText"},"QuestionDescription":"\u00a0","ChoiceOrder":[],"Validation":{"Settings":{"Type":"None"}},"GradingData":[],"Language":[],"NextChoiceId":5,"NextAnswerId":1,"QuestionText_Unsafe":"<img src=\"https:\/\/cognitionens.eu.qualtrics.com\/CP\/Graphic.php?IM=IM_gyqMW0MpjEoRhOd\" \/><br \/>\n<br \/>\n<br \/>\n&nbsp;","DataExportTag":"Q38","QuestionID":"QID38"}},{"SurveyID":"SV_0oIII7YEMEwID4i","Element":"SQ","PrimaryAttribute":"QID43","SecondaryAttribute":"\u00a0","TertiaryAttribute":null,"Payload":{"QuestionText":"<img src=\"https:\/\/cognitionens.eu.qualtrics.com\/CP\/Graphic.php?IM=IM_a7mvOZi062qlUFN\" \/><br \/>\n<br \/>\n<br \/>\n&nbsp;","DefaultChoices":false,"QuestionType":"DB","Selector":"TB","DataVisibility":{"Private":false,"Hidden":false},"Configuration":{"QuestionDescriptionOption":"UseText"},"QuestionDescription":"\u00a0","ChoiceOrder":[],"Validation":{"Settings":{"Type":"None"}},"GradingData":[],"Language":[],"NextChoiceId":5,"NextAnswerId":1,"QuestionText_Unsafe":"<img src=\"https:\/\/cognitionens.eu.qualtrics.com\/CP\/Graphic.php?IM=IM_PzN9Cg7ZWAo0mVO\" \/><br \/>\n<br \/>\n<br \/>\n&nbsp;","DataExportTag":"Q43","QuestionID":"QID43"}},{"SurveyID":"SV_0oIII7YEMEwID4i","Element":"SQ","PrimaryAttribute":"QID48","SecondaryAttribute":"\u00a0","TertiaryAttribute":null,"Payload":{"QuestionText":"<img src=\"https:\/\/cognitionens.eu.qualtrics.com\/CP\/Graphic.php?IM=IM_Qeed1KtJOSLW7MC\" \/><br \/>\n<br \/>\n<br \/>\n&nbsp;","DefaultChoices":false,"QuestionType":"DB","Selector":"TB","DataVisibility":{"Private":false,"Hidden":false},"Configuration":{"QuestionDescriptionOption":"UseText"},"QuestionDescription":"\u00a0","ChoiceOrder":[],"Validation":{"Settings":{"Type":"None"}},"GradingData":[],"Language":[],"NextChoiceId":5,"NextAnswerId":1,"QuestionText_Unsafe":"<img src=\"https:\/\/cognitionens.eu.qualtrics.com\/CP\/Graphic.php?IM=IM_PzN9Cg7ZWAo0mVO\" \/><br \/>\n<br \/>\n<br \/>\n&nbsp;","DataExportTag":"Q48","QuestionID":"QID48"}},{"SurveyID":"SV_0oIII7YEMEwID4i","Element":"SQ","PrimaryAttribute":"QID53","SecondaryAttribute":"\u00a0","TertiaryAttribute":null,"Payload":{"QuestionText":"<img src=\"https:\/\/cognitionens.eu.qualtrics.com\/CP\/Graphic.php?IM=IM_nbMDVHBMAyLKgZc\" \/><br \/>\n<br \/>\n<br \/>\n&nbsp;","DefaultChoices":false,"QuestionType":"DB","Selector":"TB","DataVisibility":{"Private":false,"Hidden":false},"Configuration":{"QuestionDescriptionOption":"UseText"},"QuestionDescription":"\u00a0","ChoiceOrder":[],"Validation":{"Settings":{"Type":"None"}},"GradingData":[],"Language":[],"NextChoiceId":5,"NextAnswerId":1,"QuestionText_Unsafe":"<img src=\"https:\/\/cognitionens.eu.qualtrics.com\/CP\/Graphic.php?IM=IM_Qeed1KtJOSLW7MC\" \/><br \/>\n<br \/>\n<br \/>\n&nbsp;","DataExportTag":"Q53","QuestionID":"QID53"}},{"SurveyID":"SV_0oIII7YEMEwID4i","Element":"SQ","PrimaryAttribute":"QID58","SecondaryAttribute":"\u00a0","TertiaryAttribute":null,"Payload":{"QuestionText":"<img src=\"https:\/\/cognitionens.eu.qualtrics.com\/CP\/Graphic.php?IM=IM_ZhHUEEEhnk3BijQ\" \/><br \/>\n<br \/>\n<br \/>\n&nbsp;","DefaultChoices":false,"QuestionType":"DB","Selector":"TB","DataVisibility":{"Private":false,"Hidden":false},"Configuration":{"QuestionDescriptionOption":"UseText"},"QuestionDescription":"\u00a0","ChoiceOrder":[],"Validation":{"Settings":{"Type":"None"}},"GradingData":[],"Language":[],"NextChoiceId":5,"NextAnswerId":1,"QuestionText_Unsafe":"<img src=\"https:\/\/cognitionens.eu.qualtrics.com\/CP\/Graphic.php?IM=IM_nbMDVHBMAyLKgZc\" \/><br \/>\n<br \/>\n<br \/>\n&nbsp;","DataExportTag":"Q58","QuestionID":"QID58"}},{"SurveyID":"SV_0oIII7YEMEwID4i","Element":"SQ","PrimaryAttribute":"QID63","SecondaryAttribute":"\u00a0","TertiaryAttribute":null,"Payload":{"QuestionText":"<img src=\"https:\/\/cognitionens.eu.qualtrics.com\/CP\/Graphic.php?IM=IM_3P8UwBRCHNnonaS\" \/><br \/>\n<br \/>\n<br \/>\n&nbsp;","DefaultChoices":false,"QuestionType":"DB","Selector":"TB","DataVisibility":{"Private":false,"Hidden":false},"Configuration":{"QuestionDescriptionOption":"UseText"},"QuestionDescription":"\u00a0","ChoiceOrder":[],"Validation":{"Settings":{"Type":"None"}},"GradingData":[],"Language":[],"NextChoiceId":5,"NextAnswerId":1,"QuestionText_Unsafe":"<img src=\"https:\/\/cognitionens.eu.qualtrics.com\/CP\/Graphic.php?IM=IM_nbMDVHBMAyLKgZc\" \/><br \/>\n<br \/>\n<br \/>\n&nbsp;","DataExportTag":"Q63","QuestionID":"QID63"}},{"SurveyID":"SV_0oIII7YEMEwID4i","Element":"SQ","PrimaryAttribute":"QID68","SecondaryAttribute":"\u00a0","TertiaryAttribute":null,"Payload":{"QuestionText":"<img src=\"https:\/\/cognitionens.eu.qualtrics.com\/CP\/Graphic.php?IM=IM_AYeryIo7gCg2AaQ\" \/><br \/>\n<br \/>\n<br \/>\n&nbsp;","DefaultChoices":false,"QuestionType":"DB","Selector":"TB","DataVisibility":{"Private":false,"Hidden":false},"Configuration":{"QuestionDescriptionOption":"UseText"},"QuestionDescription":"\u00a0","ChoiceOrder":[],"Validation":{"Settings":{"Type":"None"}},"GradingData":[],"Language":[],"NextChoiceId":5,"NextAnswerId":1,"QuestionText_Unsafe":"<img src=\"https:\/\/cognitionens.eu.qualtrics.com\/CP\/Graphic.php?IM=IM_3P8UwBRCHNnonaS\" \/><br \/>\n<br \/>\n<br \/>\n&nbsp;","DataExportTag":"Q68","QuestionID":"QID68"}},{"SurveyID":"SV_0oIII7YEMEwID4i","Element":"SQ","PrimaryAttribute":"QID1211775182","SecondaryAttribute":"Before finishing, please provide the following information. Once you are done with these question...","TertiaryAttribute":null,"Payload":{"QuestionText":"<div><div>Before finishing, please provide the following information. Once you are done with these questions, please <strong>do not forget to press the arrow to complete the survey and get your completion code.<\/strong><\/div>\n<\/div>","QuestionType":"MC","Selector":"SAVR","SubSelector":"TX","DataVisibility":{"Private":false,"Hidden":false},"Configuration":{"QuestionDescriptionOption":"UseText"},"QuestionDescription":"Before finishing, please provide the following information. Once you are done with these question...","Choices":[],"ChoiceOrder":[],"Validation":{"Settings":{"ForceResponse":"ON","ForceResponseType":"ON","Type":"None"}},"Language":[],"NextChoiceId":1,"NextAnswerId":1,"QuestionText_Unsafe":"<div><div>Before finishing, please provide the following information. Once you are done with these questions, please <strong>do not forget to press the arrow to complete the survey and get your completion code.<\/strong><\/div>\n<\/div>","DataExportTag":"Q1","QuestionID":"QID1211775182"}},{"SurveyID":"SV_0oIII7YEMEwID4i","Element":"SQ","PrimaryAttribute":"QID37","SecondaryAttribute":"Below are the results of game number ${e:\/\/Field\/counter}, a different game with different player...","TertiaryAttribute":null,"Payload":{"QuestionText":"<div><span style=\"font-size:19px;\">Below are the results of game number ${e:\/\/Field\/counter}, a different game with different players. <br><\/span><\/div><div><span style=\"font-size:19px;\"><br><\/span><\/div><div><span style=\"font-size:19px;\">All three players gave their answers independently and your task is to evaluate <span style=\"color:#3498db;\">player 1<\/span> based on what everyone's answers are.<\/span><\/div>","DefaultChoices":false,"QuestionType":"DB","Selector":"TB","DataVisibility":{"Private":false,"Hidden":false},"Configuration":{"QuestionDescriptionOption":"UseText"},"QuestionDescription":"Below are the results of game number ${e:\/\/Field\/counter}, a different game with different player...","ChoiceOrder":[],"Validation":{"Settings":{"Type":"None"}},"GradingData":[],"Language":[],"NextChoiceId":4,"NextAnswerId":1,"DisplayLogic":{"0":{"0":{"Description":"<span class=\"ConjDesc\">If<\/span>  <span class=\"LeftOpDesc\">counter<\/span> <span class=\"OpDesc\">Is Greater Than<\/span> <span class=\"RightOpDesc\"> 1 <\/span>","LeftOperand":"counter","LogicType":"EmbeddedField","Operator":"GreaterThan","RightOperand":"1","Type":"Expression"},"Type":"If"},"Type":"BooleanExpression","inPage":false},"QuestionText_Unsafe":"<div><span style=\"font-size:19px;\">Below are the results of game number ${e:\/\/Field\/counter}, a completely different game with different players. <br><\/span><\/div><div><span style=\"font-size:19px;\"><br><\/span><\/div><div><span style=\"font-size:19px;\">As always, all three players gave their answers independently and your task is to evaluate <span style=\"color:#3498db;\">player 1<\/span> based on what everyone's answers are.<\/span><\/div>","DataExportTag":"Q37","QuestionID":"QID37"}},{"SurveyID":"SV_0oIII7YEMEwID4i","Element":"SQ","PrimaryAttribute":"QID42","SecondaryAttribute":"Below are the results of game number ${e:\/\/Field\/counter}, a different game with different player...","TertiaryAttribute":null,"Payload":{"QuestionText":"<div><span style=\"font-size:19px;\">Below are the results of game number ${e:\/\/Field\/counter}, a different game with different players. <br><\/span><\/div><div><span style=\"font-size:19px;\"><br><\/span><\/div><div><span style=\"font-size:19px;\">All three players gave their answers independently and your task is to evaluate <span style=\"color:#3498db;\">player 1<\/span> based on what everyone's answers are.<\/span><\/div>","DefaultChoices":false,"QuestionType":"DB","Selector":"TB","DataVisibility":{"Private":false,"Hidden":false},"Configuration":{"QuestionDescriptionOption":"UseText"},"QuestionDescription":"Below are the results of game number ${e:\/\/Field\/counter}, a different game with different player...","ChoiceOrder":[],"Validation":{"Settings":{"Type":"None"}},"GradingData":[],"Language":[],"NextChoiceId":4,"NextAnswerId":1,"DisplayLogic":{"0":{"0":{"Description":"<span class=\"ConjDesc\">If<\/span>  <span class=\"LeftOpDesc\">counter<\/span> <span class=\"OpDesc\">Is Greater Than<\/span> <span class=\"RightOpDesc\"> 1 <\/span>","LeftOperand":"counter","LogicType":"EmbeddedField","Operator":"GreaterThan","RightOperand":"1","Type":"Expression"},"Type":"If"},"Type":"BooleanExpression","inPage":false},"QuestionText_Unsafe":"<div><span style=\"font-size:19px;\">Below are the results of game number ${e:\/\/Field\/counter}, a completely different game with different players. <br><\/span><\/div><div><span style=\"font-size:19px;\"><br><\/span><\/div><div><span style=\"font-size:19px;\">As always, all three players gave their answers independently and your task is to evaluate <span style=\"color:#3498db;\">player 1<\/span> based on what everyone's answers are.<\/span><\/div>","DataExportTag":"Q42","QuestionID":"QID42"}},{"SurveyID":"SV_0oIII7YEMEwID4i","Element":"SQ","PrimaryAttribute":"QID47","SecondaryAttribute":"Below are the results of game number ${e:\/\/Field\/counter}, a different game with different player...","TertiaryAttribute":null,"Payload":{"QuestionText":"<div><span style=\"font-size:19px;\">Below are the results of game number ${e:\/\/Field\/counter}, a different game with different players. <br><\/span><\/div><div><span style=\"font-size:19px;\"><br><\/span><\/div><div><span style=\"font-size:19px;\">All three players gave their answers independently and your task is to evaluate <span style=\"color:#3498db;\">player 1<\/span> based on what everyone's answers are.<\/span><\/div>","DefaultChoices":false,"QuestionType":"DB","Selector":"TB","DataVisibility":{"Private":false,"Hidden":false},"Configuration":{"QuestionDescriptionOption":"UseText"},"QuestionDescription":"Below are the results of game number ${e:\/\/Field\/counter}, a different game with different player...","ChoiceOrder":[],"Validation":{"Settings":{"Type":"None"}},"GradingData":[],"Language":[],"NextChoiceId":4,"NextAnswerId":1,"DisplayLogic":{"0":{"0":{"Description":"<span class=\"ConjDesc\">If<\/span>  <span class=\"LeftOpDesc\">counter<\/span> <span class=\"OpDesc\">Is Greater Than<\/span> <span class=\"RightOpDesc\"> 1 <\/span>","LeftOperand":"counter","LogicType":"EmbeddedField","Operator":"GreaterThan","RightOperand":"1","Type":"Expression"},"Type":"If"},"Type":"BooleanExpression","inPage":false},"QuestionText_Unsafe":"<div><span style=\"font-size:19px;\">Below are the results of game number ${e:\/\/Field\/counter}, a completely different game with different players. <br><\/span><\/div><div><span style=\"font-size:19px;\"><br><\/span><\/div><div><span style=\"font-size:19px;\">As always, all three players gave their answers independently and your task is to evaluate <span style=\"color:#3498db;\">player 1<\/span> based on what everyone's answers are.<\/span><\/div>","DataExportTag":"Q47","QuestionID":"QID47"}},{"SurveyID":"SV_0oIII7YEMEwID4i","Element":"SQ","PrimaryAttribute":"QID52","SecondaryAttribute":"Below are the results of game number ${e:\/\/Field\/counter}, a different game with different player...","TertiaryAttribute":null,"Payload":{"QuestionText":"<div><span style=\"font-size:19px;\">Below are the results of game number ${e:\/\/Field\/counter}, a different game with different players. <br><\/span><\/div><div><span style=\"font-size:19px;\"><br><\/span><\/div><div><span style=\"font-size:19px;\">All three players gave their answers independently and your task is to evaluate <span style=\"color:#3498db;\">player 1<\/span> based on what everyone's answers are.<\/span><\/div>","DefaultChoices":false,"QuestionType":"DB","Selector":"TB","DataVisibility":{"Private":false,"Hidden":false},"Configuration":{"QuestionDescriptionOption":"UseText"},"QuestionDescription":"Below are the results of game number ${e:\/\/Field\/counter}, a different game with different player...","ChoiceOrder":[],"Validation":{"Settings":{"Type":"None"}},"GradingData":[],"Language":[],"NextChoiceId":4,"NextAnswerId":1,"DisplayLogic":{"0":{"0":{"Description":"<span class=\"ConjDesc\">If<\/span>  <span class=\"LeftOpDesc\">counter<\/span> <span class=\"OpDesc\">Is Greater Than<\/span> <span class=\"RightOpDesc\"> 1 <\/span>","LeftOperand":"counter","LogicType":"EmbeddedField","Operator":"GreaterThan","RightOperand":"1","Type":"Expression"},"Type":"If"},"Type":"BooleanExpression","inPage":false},"QuestionText_Unsafe":"<div><span style=\"font-size:19px;\">Below are the results of game number ${e:\/\/Field\/counter}, a completely different game with different players. <br><\/span><\/div><div><span style=\"font-size:19px;\"><br><\/span><\/div><div><span style=\"font-size:19px;\">As always, all three players gave their answers independently and your task is to evaluate <span style=\"color:#3498db;\">player 1<\/span> based on what everyone's answers are.<\/span><\/div>","DataExportTag":"Q52","QuestionID":"QID52"}},{"SurveyID":"SV_0oIII7YEMEwID4i","Element":"SQ","PrimaryAttribute":"QID57","SecondaryAttribute":"Below are the results of game number ${e:\/\/Field\/counter}, a different game with different player...","TertiaryAttribute":null,"Payload":{"QuestionText":"<div><span style=\"font-size:19px;\">Below are the results of game number ${e:\/\/Field\/counter}, a different game with different players. <br><\/span><\/div><div><span style=\"font-size:19px;\"><br><\/span><\/div><div><span style=\"font-size:19px;\">All three players gave their answers independently and your task is to evaluate <span style=\"color:#3498db;\">player 1<\/span> based on what everyone's answers are.<\/span><\/div>","DefaultChoices":false,"QuestionType":"DB","Selector":"TB","DataVisibility":{"Private":false,"Hidden":false},"Configuration":{"QuestionDescriptionOption":"UseText"},"QuestionDescription":"Below are the results of game number ${e:\/\/Field\/counter}, a different game with different player...","ChoiceOrder":[],"Validation":{"Settings":{"Type":"None"}},"GradingData":[],"Language":[],"NextChoiceId":4,"NextAnswerId":1,"DisplayLogic":{"0":{"0":{"Description":"<span class=\"ConjDesc\">If<\/span>  <span class=\"LeftOpDesc\">counter<\/span> <span class=\"OpDesc\">Is Greater Than<\/span> <span class=\"RightOpDesc\"> 1 <\/span>","LeftOperand":"counter","LogicType":"EmbeddedField","Operator":"GreaterThan","RightOperand":"1","Type":"Expression"},"Type":"If"},"Type":"BooleanExpression","inPage":false},"QuestionText_Unsafe":"<div><span style=\"font-size:19px;\">Below are the results of game number ${e:\/\/Field\/counter}, a completely different game with different players. <br><\/span><\/div><div><span style=\"font-size:19px;\"><br><\/span><\/div><div><span style=\"font-size:19px;\">As always, all three players gave their answers independently and your task is to evaluate <span style=\"color:#3498db;\">player 1<\/span> based on what everyone's answers are.<\/span><\/div>","DataExportTag":"Q57","QuestionID":"QID57"}},{"SurveyID":"SV_0oIII7YEMEwID4i","Element":"SQ","PrimaryAttribute":"QID62","SecondaryAttribute":"Below are the results of game number ${e:\/\/Field\/counter}, a different game with different player...","TertiaryAttribute":null,"Payload":{"QuestionText":"<div><span style=\"font-size:19px;\">Below are the results of game number ${e:\/\/Field\/counter}, a different game with different players. <br><\/span><\/div><div><span style=\"font-size:19px;\"><br><\/span><\/div><div><span style=\"font-size:19px;\">All three players gave their answers independently and your task is to evaluate <span style=\"color:#3498db;\">player 1<\/span> based on what everyone's answers are.<\/span><\/div>","DefaultChoices":false,"QuestionType":"DB","Selector":"TB","DataVisibility":{"Private":false,"Hidden":false},"Configuration":{"QuestionDescriptionOption":"UseText"},"QuestionDescription":"Below are the results of game number ${e:\/\/Field\/counter}, a different game with different player...","ChoiceOrder":[],"Validation":{"Settings":{"Type":"None"}},"GradingData":[],"Language":[],"NextChoiceId":4,"NextAnswerId":1,"DisplayLogic":{"0":{"0":{"Description":"<span class=\"ConjDesc\">If<\/span>  <span class=\"LeftOpDesc\">counter<\/span> <span class=\"OpDesc\">Is Greater Than<\/span> <span class=\"RightOpDesc\"> 1 <\/span>","LeftOperand":"counter","LogicType":"EmbeddedField","Operator":"GreaterThan","RightOperand":"1","Type":"Expression"},"Type":"If"},"Type":"BooleanExpression","inPage":false},"QuestionText_Unsafe":"<div><span style=\"font-size:19px;\">Below are the results of game number ${e:\/\/Field\/counter}, a completely different game with different players. <br><\/span><\/div><div><span style=\"font-size:19px;\"><br><\/span><\/div><div><span style=\"font-size:19px;\">As always, all three players gave their answers independently and your task is to evaluate <span style=\"color:#3498db;\">player 1<\/span> based on what everyone's answers are.<\/span><\/div>","DataExportTag":"Q62","QuestionID":"QID62"}},{"SurveyID":"SV_0oIII7YEMEwID4i","Element":"SQ","PrimaryAttribute":"QID67","SecondaryAttribute":"Below are the results of game number ${e:\/\/Field\/counter}, a different game with different player...","TertiaryAttribute":null,"Payload":{"QuestionText":"<div><span style=\"font-size:19px;\">Below are the results of game number ${e:\/\/Field\/counter}, a different game with different players. <br><\/span><\/div><div><span style=\"font-size:19px;\"><br><\/span><\/div><div><span style=\"font-size:19px;\">All three players gave their answers independently and your task is to evaluate <span style=\"color:#3498db;\">player 1<\/span> based on what everyone's answers are.<\/span><\/div>","DefaultChoices":false,"QuestionType":"DB","Selector":"TB","DataVisibility":{"Private":false,"Hidden":false},"Configuration":{"QuestionDescriptionOption":"UseText"},"QuestionDescription":"Below are the results of game number ${e:\/\/Field\/counter}, a different game with different player...","ChoiceOrder":[],"Validation":{"Settings":{"Type":"None"}},"GradingData":[],"Language":[],"NextChoiceId":4,"NextAnswerId":1,"DisplayLogic":{"0":{"0":{"Description":"<span class=\"ConjDesc\">If<\/span>  <span class=\"LeftOpDesc\">counter<\/span> <span class=\"OpDesc\">Is Greater Than<\/span> <span class=\"RightOpDesc\"> 1 <\/span>","LeftOperand":"counter","LogicType":"EmbeddedField","Operator":"GreaterThan","RightOperand":"1","Type":"Expression"},"Type":"If"},"Type":"BooleanExpression","inPage":false},"QuestionText_Unsafe":"<div><span style=\"font-size:19px;\">Below are the results of game number ${e:\/\/Field\/counter}, a completely different game with different players. <br><\/span><\/div><div><span style=\"font-size:19px;\"><br><\/span><\/div><div><span style=\"font-size:19px;\">As always, all three players gave their answers independently and your task is to evaluate <span style=\"color:#3498db;\">player 1<\/span> based on what everyone's answers are.<\/span><\/div>","DataExportTag":"Q67","QuestionID":"QID67"}},{"SurveyID":"SV_0oIII7YEMEwID4i","Element":"SQ","PrimaryAttribute":"QID1211623697","SecondaryAttribute":"Below are the results of game number ${e:\/\/Field\/counter}, a different game with different player...","TertiaryAttribute":null,"Payload":{"QuestionText":"<div><span style=\"font-size:19px;\">Below are the results of game number ${e:\/\/Field\/counter}, a different game with different players. <br><\/span><\/div><div><span style=\"font-size:19px;\"><br><\/span><\/div><div><span style=\"font-size:19px;\">All three players gave their answers independently and your task is to evaluate <span style=\"color:#3498db;\">player 1<\/span> based on what everyone's answers are.<\/span><\/div>","DefaultChoices":false,"QuestionType":"DB","Selector":"TB","DataVisibility":{"Private":false,"Hidden":false},"Configuration":{"QuestionDescriptionOption":"UseText"},"QuestionDescription":"Below are the results of game number ${e:\/\/Field\/counter}, a different game with different player...","ChoiceOrder":[],"Validation":{"Settings":{"Type":"None"}},"GradingData":[],"Language":[],"NextChoiceId":4,"NextAnswerId":1,"DisplayLogic":{"0":{"0":{"Description":"<span class=\"ConjDesc\">If<\/span>  <span class=\"LeftOpDesc\">counter<\/span> <span class=\"OpDesc\">Is Greater Than<\/span> <span class=\"RightOpDesc\"> 1 <\/span>","LeftOperand":"counter","LogicType":"EmbeddedField","Operator":"GreaterThan","RightOperand":"1","Type":"Expression"},"Type":"If"},"Type":"BooleanExpression","inPage":false},"QuestionText_Unsafe":"<div><span style=\"font-size:19px;\">In scenario number ${e:\/\/Field\/counter}, three different experts predict a different stock.<br>\n<br>\nOtherwise, <strong>circumstances are the same<\/strong>: Experts are independent of each other, and have no conflict of interest in predicting the stock value - they do not personally profit in any way from any future valuation of the stock. <\/span><\/div>","DataExportTag":"Q2","QuestionID":"QID1211623697"}},{"SurveyID":"SV_0oIII7YEMEwID4i","Element":"SQ","PrimaryAttribute":"QID36","SecondaryAttribute":"Below are the results of the first game.\u00a0All three players gave their answers independently. Your..","TertiaryAttribute":null,"Payload":{"QuestionText":"<div><span style=\"font-size:19px;\">Below are the results of the first game.&nbsp;All three players gave their answers independently.  Your task is to evaluate <span style=\"color:#3498db;\">player 1 <\/span>based on what everyone's answers are. <br><\/span><\/div>\n\n<div>&nbsp;<\/div>","DefaultChoices":false,"QuestionType":"DB","Selector":"TB","Configuration":{"QuestionDescriptionOption":"UseText"},"QuestionDescription":"Below are the results of the first game.\u00a0All three players gave their answers independently. Your...","ChoiceOrder":[],"Validation":{"Settings":{"Type":"None"}},"GradingData":[],"Language":[],"NextChoiceId":4,"NextAnswerId":1,"DataVisibility":{"Private":false,"Hidden":false},"DisplayLogic":{"0":{"0":{"Description":"<span class=\"ConjDesc\">If<\/span>  <span class=\"LeftOpDesc\">counter<\/span> <span class=\"OpDesc\">Is Equal to<\/span> <span class=\"RightOpDesc\"> 1 <\/span>","LeftOperand":"counter","LogicType":"EmbeddedField","Operator":"EqualTo","RightOperand":"1","Type":"Expression"},"Type":"If"},"Type":"BooleanExpression","inPage":false},"QuestionText_Unsafe":"<div><span style=\"font-size:19px;\">Below are the results of the first game.&nbsp;All three players gave their answers independently.  Your task is to evaluate <span style=\"color:#3498db;\">player 1 <\/span>based on what everyone's answers are. <br><\/span><\/div>\n\n<div>&nbsp;<\/div>","DataExportTag":"Q36","QuestionID":"QID36"}},{"SurveyID":"SV_0oIII7YEMEwID4i","Element":"SQ","PrimaryAttribute":"QID41","SecondaryAttribute":"Below are the results of the first game.\u00a0All three players gave their answers independently. Your..","TertiaryAttribute":null,"Payload":{"QuestionText":"<div><span style=\"font-size:19px;\">Below are the results of the first game.&nbsp;All three players gave their answers independently.  Your task is to evaluate <span style=\"color:#3498db;\">player 1 <\/span>based on what everyone's answers are. <br><\/span><\/div>\n\n<div>&nbsp;<\/div>","DefaultChoices":false,"QuestionType":"DB","Selector":"TB","Configuration":{"QuestionDescriptionOption":"UseText"},"QuestionDescription":"Below are the results of the first game.\u00a0All three players gave their answers independently. Your...","ChoiceOrder":[],"Validation":{"Settings":{"Type":"None"}},"GradingData":[],"Language":[],"NextChoiceId":4,"NextAnswerId":1,"DataVisibility":{"Private":false,"Hidden":false},"DisplayLogic":{"0":{"0":{"Description":"<span class=\"ConjDesc\">If<\/span>  <span class=\"LeftOpDesc\">counter<\/span> <span class=\"OpDesc\">Is Equal to<\/span> <span class=\"RightOpDesc\"> 1 <\/span>","LeftOperand":"counter","LogicType":"EmbeddedField","Operator":"EqualTo","RightOperand":"1","Type":"Expression"},"Type":"If"},"Type":"BooleanExpression","inPage":false},"QuestionText_Unsafe":"<div><span style=\"font-size:19px;\">Below are the results of the first game.&nbsp;All three players gave their answers independently.  Your task is to evaluate <span style=\"color:#3498db;\">player 1 <\/span>based on what everyone's answers are. <br><\/span><\/div>\n\n<div>&nbsp;<\/div>","DataExportTag":"Q41","QuestionID":"QID41"}},{"SurveyID":"SV_0oIII7YEMEwID4i","Element":"SQ","PrimaryAttribute":"QID46","SecondaryAttribute":"Below are the results of the first game.\u00a0All three players gave their answers independently. Your..","TertiaryAttribute":null,"Payload":{"QuestionText":"<div><span style=\"font-size:19px;\">Below are the results of the first game.&nbsp;All three players gave their answers independently.  Your task is to evaluate <span style=\"color:#3498db;\">player 1 <\/span>based on what everyone's answers are. <br><\/span><\/div>\n\n<div>&nbsp;<\/div>","DefaultChoices":false,"QuestionType":"DB","Selector":"TB","Configuration":{"QuestionDescriptionOption":"UseText"},"QuestionDescription":"Below are the results of the first game.\u00a0All three players gave their answers independently. Your...","ChoiceOrder":[],"Validation":{"Settings":{"Type":"None"}},"GradingData":[],"Language":[],"NextChoiceId":4,"NextAnswerId":1,"DataVisibility":{"Private":false,"Hidden":false},"DisplayLogic":{"0":{"0":{"Description":"<span class=\"ConjDesc\">If<\/span>  <span class=\"LeftOpDesc\">counter<\/span> <span class=\"OpDesc\">Is Equal to<\/span> <span class=\"RightOpDesc\"> 1 <\/span>","LeftOperand":"counter","LogicType":"EmbeddedField","Operator":"EqualTo","RightOperand":"1","Type":"Expression"},"Type":"If"},"Type":"BooleanExpression","inPage":false},"QuestionText_Unsafe":"<div><span style=\"font-size:19px;\">Below are the results of the first game.&nbsp;All three players gave their answers independently.  Your task is to evaluate <span style=\"color:#3498db;\">player 1 <\/span>based on what everyone's answers are. <br><\/span><\/div>\n\n<div>&nbsp;<\/div>","DataExportTag":"Q46","QuestionID":"QID46"}},{"SurveyID":"SV_0oIII7YEMEwID4i","Element":"SQ","PrimaryAttribute":"QID51","SecondaryAttribute":"Below are the results of the first game.\u00a0All three players gave their answers independently. Your..","TertiaryAttribute":null,"Payload":{"QuestionText":"<div><span style=\"font-size:19px;\">Below are the results of the first game.&nbsp;All three players gave their answers independently.  Your task is to evaluate <span style=\"color:#3498db;\">player 1 <\/span>based on what everyone's answers are. <br><\/span><\/div>\n\n<div>&nbsp;<\/div>","DefaultChoices":false,"QuestionType":"DB","Selector":"TB","Configuration":{"QuestionDescriptionOption":"UseText"},"QuestionDescription":"Below are the results of the first game.\u00a0All three players gave their answers independently. Your...","ChoiceOrder":[],"Validation":{"Settings":{"Type":"None"}},"GradingData":[],"Language":[],"NextChoiceId":4,"NextAnswerId":1,"DataVisibility":{"Private":false,"Hidden":false},"DisplayLogic":{"0":{"0":{"Description":"<span class=\"ConjDesc\">If<\/span>  <span class=\"LeftOpDesc\">counter<\/span> <span class=\"OpDesc\">Is Equal to<\/span> <span class=\"RightOpDesc\"> 1 <\/span>","LeftOperand":"counter","LogicType":"EmbeddedField","Operator":"EqualTo","RightOperand":"1","Type":"Expression"},"Type":"If"},"Type":"BooleanExpression","inPage":false},"QuestionText_Unsafe":"<div><span style=\"font-size:19px;\">Below are the results of the first game.&nbsp;All three players gave their answers independently.  Your task is to evaluate <span style=\"color:#3498db;\">player 1 <\/span>based on what everyone's answers are. <br><\/span><\/div>\n\n<div>&nbsp;<\/div>","DataExportTag":"Q51","QuestionID":"QID51"}},{"SurveyID":"SV_0oIII7YEMEwID4i","Element":"SQ","PrimaryAttribute":"QID56","SecondaryAttribute":"Below are the results of the first game.\u00a0All three players gave their answers independently. Your..","TertiaryAttribute":null,"Payload":{"QuestionText":"<div><span style=\"font-size:19px;\">Below are the results of the first game.&nbsp;All three players gave their answers independently.  Your task is to evaluate <span style=\"color:#3498db;\">player 1 <\/span>based on what everyone's answers are. <br><\/span><\/div>\n\n<div>&nbsp;<\/div>","DefaultChoices":false,"QuestionType":"DB","Selector":"TB","Configuration":{"QuestionDescriptionOption":"UseText"},"QuestionDescription":"Below are the results of the first game.\u00a0All three players gave their answers independently. Your...","ChoiceOrder":[],"Validation":{"Settings":{"Type":"None"}},"GradingData":[],"Language":[],"NextChoiceId":4,"NextAnswerId":1,"DataVisibility":{"Private":false,"Hidden":false},"DisplayLogic":{"0":{"0":{"Description":"<span class=\"ConjDesc\">If<\/span>  <span class=\"LeftOpDesc\">counter<\/span> <span class=\"OpDesc\">Is Equal to<\/span> <span class=\"RightOpDesc\"> 1 <\/span>","LeftOperand":"counter","LogicType":"EmbeddedField","Operator":"EqualTo","RightOperand":"1","Type":"Expression"},"Type":"If"},"Type":"BooleanExpression","inPage":false},"QuestionText_Unsafe":"<div><span style=\"font-size:19px;\">Below are the results of the first game.&nbsp;All three players gave their answers independently.  Your task is to evaluate <span style=\"color:#3498db;\">player 1 <\/span>based on what everyone's answers are. <br><\/span><\/div>\n\n<div>&nbsp;<\/div>","DataExportTag":"Q56","QuestionID":"QID56"}},{"SurveyID":"SV_0oIII7YEMEwID4i","Element":"SQ","PrimaryAttribute":"QID61","SecondaryAttribute":"Below are the results of the first game.\u00a0All three players gave their answers independently. Your..","TertiaryAttribute":null,"Payload":{"QuestionText":"<div><span style=\"font-size:19px;\">Below are the results of the first game.&nbsp;All three players gave their answers independently.  Your task is to evaluate <span style=\"color:#3498db;\">player 1 <\/span>based on what everyone's answers are. <br><\/span><\/div>\n\n<div>&nbsp;<\/div>","DefaultChoices":false,"QuestionType":"DB","Selector":"TB","Configuration":{"QuestionDescriptionOption":"UseText"},"QuestionDescription":"Below are the results of the first game.\u00a0All three players gave their answers independently. Your...","ChoiceOrder":[],"Validation":{"Settings":{"Type":"None"}},"GradingData":[],"Language":[],"NextChoiceId":4,"NextAnswerId":1,"DataVisibility":{"Private":false,"Hidden":false},"DisplayLogic":{"0":{"0":{"Description":"<span class=\"ConjDesc\">If<\/span>  <span class=\"LeftOpDesc\">counter<\/span> <span class=\"OpDesc\">Is Equal to<\/span> <span class=\"RightOpDesc\"> 1 <\/span>","LeftOperand":"counter","LogicType":"EmbeddedField","Operator":"EqualTo","RightOperand":"1","Type":"Expression"},"Type":"If"},"Type":"BooleanExpression","inPage":false},"QuestionText_Unsafe":"<div><span style=\"font-size:19px;\">Below are the results of the first game.&nbsp;All three players gave their answers independently.  Your task is to evaluate <span style=\"color:#3498db;\">player 1 <\/span>based on what everyone's answers are. <br><\/span><\/div>\n\n<div>&nbsp;<\/div>","DataExportTag":"Q61","QuestionID":"QID61"}},{"SurveyID":"SV_0oIII7YEMEwID4i","Element":"SQ","PrimaryAttribute":"QID66","SecondaryAttribute":"Below are the results of the first game.\u00a0All three players gave their answers independently. Your..","TertiaryAttribute":null,"Payload":{"QuestionText":"<div><span style=\"font-size:19px;\">Below are the results of the first game.&nbsp;All three players gave their answers independently.  Your task is to evaluate <span style=\"color:#3498db;\">player 1 <\/span>based on what everyone's answers are. <br><\/span><\/div>\n\n<div>&nbsp;<\/div>","DefaultChoices":false,"QuestionType":"DB","Selector":"TB","Configuration":{"QuestionDescriptionOption":"UseText"},"QuestionDescription":"Below are the results of the first game.\u00a0All three players gave their answers independently. Your...","ChoiceOrder":[],"Validation":{"Settings":{"Type":"None"}},"GradingData":[],"Language":[],"NextChoiceId":4,"NextAnswerId":1,"DataVisibility":{"Private":false,"Hidden":false},"DisplayLogic":{"0":{"0":{"Description":"<span class=\"ConjDesc\">If<\/span>  <span class=\"LeftOpDesc\">counter<\/span> <span class=\"OpDesc\">Is Equal to<\/span> <span class=\"RightOpDesc\"> 1 <\/span>","LeftOperand":"counter","LogicType":"EmbeddedField","Operator":"EqualTo","RightOperand":"1","Type":"Expression"},"Type":"If"},"Type":"BooleanExpression","inPage":false},"QuestionText_Unsafe":"<div><span style=\"font-size:19px;\">Below are the results of the first game.&nbsp;All three players gave their answers independently.  Your task is to evaluate <span style=\"color:#3498db;\">player 1 <\/span>based on what everyone's answers are. <br><\/span><\/div>\n\n<div>&nbsp;<\/div>","DataExportTag":"Q66","QuestionID":"QID66"}},{"SurveyID":"SV_0oIII7YEMEwID4i","Element":"SQ","PrimaryAttribute":"QID1211623696","SecondaryAttribute":"Below are the results of the first game.\u00a0All three players gave their answers independently. Your..","TertiaryAttribute":null,"Payload":{"QuestionText":"<div><span style=\"font-size:19px;\">Below are the results of the first game.&nbsp;All three players gave their answers independently.  Your task is to evaluate <span style=\"color:#3498db;\">player 1 <\/span>based on what everyone's answers are. <br><\/span><\/div>\n\n<div>&nbsp;<\/div>","DefaultChoices":false,"QuestionType":"DB","Selector":"TB","Configuration":{"QuestionDescriptionOption":"UseText"},"QuestionDescription":"Below are the results of the first game.\u00a0All three players gave their answers independently. Your...","ChoiceOrder":[],"Validation":{"Settings":{"Type":"None"}},"GradingData":[],"Language":[],"NextChoiceId":4,"NextAnswerId":1,"DataVisibility":{"Private":false,"Hidden":false},"DisplayLogic":{"0":{"0":{"Description":"<span class=\"ConjDesc\">If<\/span>  <span class=\"LeftOpDesc\">counter<\/span> <span class=\"OpDesc\">Is Equal to<\/span> <span class=\"RightOpDesc\"> 1 <\/span>","LeftOperand":"counter","LogicType":"EmbeddedField","Operator":"EqualTo","RightOperand":"1","Type":"Expression"},"Type":"If"},"Type":"BooleanExpression","inPage":false},"QuestionText_Unsafe":"<span style=\"font-size:19px;\">In the first scenario, three experts are <strong>independent<\/strong> of each other, and have <strong>no conflict of interest<\/strong> in predicting the stock value - they do not personally profit in any way from any future valuation of the stock.<\/span>","DataExportTag":"Q1","QuestionID":"QID1211623696"}},{"SurveyID":"SV_0oIII7YEMEwID4i","Element":"SQ","PrimaryAttribute":"QID45","SecondaryAttribute":"How competent do you think player 1 is in games like these?","TertiaryAttribute":null,"Payload":{"QuestionText":"How competent do you think <span style=\"color:#3498db;\">player 1<\/span> is in games like these?","QuestionType":"MC","Selector":"SAHR","SubSelector":"TX","DataVisibility":{"Private":false,"Hidden":false},"Configuration":{"QuestionDescriptionOption":"UseText","LabelPosition":"BELOW"},"QuestionDescription":"How competent do you think player 1 is in games like these?","Choices":{"1":{"Display":"<span style=\"font-size: 19px;\">Not competent at all<br \/>\n1<\/span>"},"2":{"Display":"<span style=\"font-size:19px;\">2<\/span>"},"3":{"Display":"<span style=\"font-size:19px;\">3<\/span>"},"4":{"Display":"<span style=\"font-size:19px;\">4<\/span>"},"5":{"Display":"<span style=\"font-size:19px;\">5<\/span>"},"6":{"Display":"<span style=\"font-size:19px;\">6<\/span>"},"8":{"Display":"<span style=\"font-size:19px;\">Extremely competent<br \/>\n7<\/span>"}},"ChoiceOrder":["1","2","3","4","5","6","8"],"Validation":{"Settings":{"ForceResponse":"ON","ForceResponseType":"ON","Type":"None"}},"GradingData":[],"Language":[],"NextChoiceId":10,"NextAnswerId":1,"QuestionText_Unsafe":"How competent do you think <span style=\"color:#3498db;\">player 1<\/span> is in games like these?","RecodeValues":{"1":"1","2":"2","3":"3","4":"4","5":"5","6":"6","8":"7"},"DataExportTag":"1_com_a","QuestionID":"QID45"}},{"SurveyID":"SV_0oIII7YEMEwID4i","Element":"SQ","PrimaryAttribute":"QID50","SecondaryAttribute":"How competent do you think player 1 is in games like these?","TertiaryAttribute":null,"Payload":{"QuestionText":"How competent do you think <span style=\"color:#3498db;\">player 1<\/span> is in games like these?","QuestionType":"MC","Selector":"SAHR","SubSelector":"TX","DataVisibility":{"Private":false,"Hidden":false},"Configuration":{"QuestionDescriptionOption":"UseText","LabelPosition":"BELOW"},"QuestionDescription":"How competent do you think player 1 is in games like these?","Choices":{"1":{"Display":"<span style=\"font-size: 19px;\">Not competent at all<br \/>\n1<\/span>"},"2":{"Display":"<span style=\"font-size:19px;\">2<\/span>"},"3":{"Display":"<span style=\"font-size:19px;\">3<\/span>"},"4":{"Display":"<span style=\"font-size:19px;\">4<\/span>"},"5":{"Display":"<span style=\"font-size:19px;\">5<\/span>"},"6":{"Display":"<span style=\"font-size:19px;\">6<\/span>"},"8":{"Display":"<span style=\"font-size:19px;\">Extremely competent<br \/>\n7<\/span>"}},"ChoiceOrder":["1","2","3","4","5","6","8"],"Validation":{"Settings":{"ForceResponse":"ON","ForceResponseType":"ON","Type":"None"}},"GradingData":[],"Language":[],"NextChoiceId":10,"NextAnswerId":1,"QuestionText_Unsafe":"How competent do you think <span style=\"color:#3498db;\">player 1<\/span> is in games like these?","RecodeValues":{"1":"1","2":"2","3":"3","4":"4","5":"5","6":"6","8":"7"},"DataExportTag":"1_com_b","QuestionID":"QID50"}},{"SurveyID":"SV_0oIII7YEMEwID4i","Element":"SQ","PrimaryAttribute":"QID55","SecondaryAttribute":"How competent do you think player 1 is in games like these?","TertiaryAttribute":null,"Payload":{"QuestionText":"How competent do you think <span style=\"color:#3498db;\">player 1<\/span> is in games like these?","QuestionType":"MC","Selector":"SAHR","SubSelector":"TX","DataVisibility":{"Private":false,"Hidden":false},"Configuration":{"QuestionDescriptionOption":"UseText","LabelPosition":"BELOW"},"QuestionDescription":"How competent do you think player 1 is in games like these?","Choices":{"1":{"Display":"<span style=\"font-size: 19px;\">Not competent at all<br \/>\n1<\/span>"},"2":{"Display":"<span style=\"font-size:19px;\">2<\/span>"},"3":{"Display":"<span style=\"font-size:19px;\">3<\/span>"},"4":{"Display":"<span style=\"font-size:19px;\">4<\/span>"},"5":{"Display":"<span style=\"font-size:19px;\">5<\/span>"},"6":{"Display":"<span style=\"font-size:19px;\">6<\/span>"},"8":{"Display":"<span style=\"font-size:19px;\">Extremely competent<br \/>\n7<\/span>"}},"ChoiceOrder":["1","2","3","4","5","6","8"],"Validation":{"Settings":{"ForceResponse":"ON","ForceResponseType":"ON","Type":"None"}},"GradingData":[],"Language":[],"NextChoiceId":10,"NextAnswerId":1,"QuestionText_Unsafe":"How competent do you think <span style=\"color:#3498db;\">player 1<\/span> is in games like these?","RecodeValues":{"1":"1","2":"2","3":"3","4":"4","5":"5","6":"6","8":"7"},"DataExportTag":"2_com_a","QuestionID":"QID55"}},{"SurveyID":"SV_0oIII7YEMEwID4i","Element":"SQ","PrimaryAttribute":"QID60","SecondaryAttribute":"How competent do you think player 1 is in games like these?","TertiaryAttribute":null,"Payload":{"QuestionText":"How competent do you think <span style=\"color:#3498db;\">player 1<\/span> is in games like these?","QuestionType":"MC","Selector":"SAHR","SubSelector":"TX","DataVisibility":{"Private":false,"Hidden":false},"Configuration":{"QuestionDescriptionOption":"UseText","LabelPosition":"BELOW"},"QuestionDescription":"How competent do you think player 1 is in games like these?","Choices":{"1":{"Display":"<span style=\"font-size: 19px;\">Not competent at all<br \/>\n1<\/span>"},"2":{"Display":"<span style=\"font-size:19px;\">2<\/span>"},"3":{"Display":"<span style=\"font-size:19px;\">3<\/span>"},"4":{"Display":"<span style=\"font-size:19px;\">4<\/span>"},"5":{"Display":"<span style=\"font-size:19px;\">5<\/span>"},"6":{"Display":"<span style=\"font-size:19px;\">6<\/span>"},"8":{"Display":"<span style=\"font-size:19px;\">Extremely competent<br \/>\n7<\/span>"}},"ChoiceOrder":["1","2","3","4","5","6","8"],"Validation":{"Settings":{"ForceResponse":"ON","ForceResponseType":"ON","Type":"None"}},"GradingData":[],"Language":[],"NextChoiceId":10,"NextAnswerId":1,"QuestionText_Unsafe":"How competent do you think <span style=\"color:#3498db;\">player 1<\/span> is in games like these?","RecodeValues":{"1":"1","2":"2","3":"3","4":"4","5":"5","6":"6","8":"7"},"DataExportTag":"2_com_b","QuestionID":"QID60"}},{"SurveyID":"SV_0oIII7YEMEwID4i","Element":"SQ","PrimaryAttribute":"QID65","SecondaryAttribute":"How competent do you think player 1 is in games like these?","TertiaryAttribute":null,"Payload":{"QuestionText":"How competent do you think <span style=\"color:#3498db;\">player 1<\/span> is in games like these?","QuestionType":"MC","Selector":"SAHR","SubSelector":"TX","DataVisibility":{"Private":false,"Hidden":false},"Configuration":{"QuestionDescriptionOption":"UseText","LabelPosition":"BELOW"},"QuestionDescription":"How competent do you think player 1 is in games like these?","Choices":{"1":{"Display":"<span style=\"font-size: 19px;\">Not competent at all<br \/>\n1<\/span>"},"2":{"Display":"<span style=\"font-size:19px;\">2<\/span>"},"3":{"Display":"<span style=\"font-size:19px;\">3<\/span>"},"4":{"Display":"<span style=\"font-size:19px;\">4<\/span>"},"5":{"Display":"<span style=\"font-size:19px;\">5<\/span>"},"6":{"Display":"<span style=\"font-size:19px;\">6<\/span>"},"8":{"Display":"<span style=\"font-size:19px;\">Extremely competent<br \/>\n7<\/span>"}},"ChoiceOrder":["1","2","3","4","5","6","8"],"Validation":{"Settings":{"ForceResponse":"ON","ForceResponseType":"ON","Type":"None"}},"GradingData":[],"Language":[],"NextChoiceId":10,"NextAnswerId":1,"QuestionText_Unsafe":"How competent do you think <span style=\"color:#3498db;\">player 1<\/span> is in games like these?","RecodeValues":{"1":"1","2":"2","3":"3","4":"4","5":"5","6":"6","8":"7"},"DataExportTag":"3_com_a","QuestionID":"QID65"}},{"SurveyID":"SV_0oIII7YEMEwID4i","Element":"SQ","PrimaryAttribute":"QID70","SecondaryAttribute":"How competent do you think player 1 is in games like these?","TertiaryAttribute":null,"Payload":{"QuestionText":"How competent do you think <span style=\"color:#3498db;\">player 1<\/span> is in games like these?","QuestionType":"MC","Selector":"SAHR","SubSelector":"TX","DataVisibility":{"Private":false,"Hidden":false},"Configuration":{"QuestionDescriptionOption":"UseText","LabelPosition":"BELOW"},"QuestionDescription":"How competent do you think player 1 is in games like these?","Choices":{"1":{"Display":"<span style=\"font-size: 19px;\">Not competent at all<br \/>\n1<\/span>"},"2":{"Display":"<span style=\"font-size:19px;\">2<\/span>"},"3":{"Display":"<span style=\"font-size:19px;\">3<\/span>"},"4":{"Display":"<span style=\"font-size:19px;\">4<\/span>"},"5":{"Display":"<span style=\"font-size:19px;\">5<\/span>"},"6":{"Display":"<span style=\"font-size:19px;\">6<\/span>"},"8":{"Display":"<span style=\"font-size:19px;\">Extremely competent<br \/>\n7<\/span>"}},"ChoiceOrder":["1","2","3","4","5","6","8"],"Validation":{"Settings":{"ForceResponse":"ON","ForceResponseType":"ON","Type":"None"}},"GradingData":[],"Language":[],"NextChoiceId":10,"NextAnswerId":1,"QuestionText_Unsafe":"How competent do you think <span style=\"color:#3498db;\">player 1<\/span> is in games like these?","RecodeValues":{"1":"1","2":"2","3":"3","4":"4","5":"5","6":"6","8":"7"},"DataExportTag":"3_com_b","QuestionID":"QID70"}},{"SurveyID":"SV_0oIII7YEMEwID4i","Element":"SQ","PrimaryAttribute":"QID71","SecondaryAttribute":"How competent do you think player 1 is in games like these?","TertiaryAttribute":null,"Payload":{"QuestionText":"How competent do you think <span style=\"color:#3498db;\">player 1<\/span> is in games like these?","DataExportTag":"0_com_b","QuestionType":"MC","Selector":"SAHR","SubSelector":"TX","DataVisibility":{"Private":false,"Hidden":false},"Configuration":{"QuestionDescriptionOption":"UseText","LabelPosition":"BELOW"},"QuestionDescription":"How competent do you think player 1 is in games like these?","Choices":{"1":{"Display":"<span style=\"font-size: 19px;\">Not competent at all<br \/>\n1<\/span>"},"2":{"Display":"<span style=\"font-size:19px;\">2<\/span>"},"3":{"Display":"<span style=\"font-size:19px;\">3<\/span>"},"4":{"Display":"<span style=\"font-size:19px;\">4<\/span>"},"5":{"Display":"<span style=\"font-size:19px;\">5<\/span>"},"6":{"Display":"<span style=\"font-size:19px;\">6<\/span>"},"8":{"Display":"<span style=\"font-size:19px;\">Extremely competent<br \/>\n7<\/span>"}},"ChoiceOrder":["1","2","3","4","5","6","8"],"Validation":{"Settings":{"ForceResponse":"ON","ForceResponseType":"ON","Type":"None"}},"RecodeValues":{"1":"1","2":"2","3":"3","4":"4","5":"5","6":"6","8":"7"},"GradingData":[],"Language":[],"NextChoiceId":10,"NextAnswerId":1,"QuestionID":"QID71"}},{"SurveyID":"SV_0oIII7YEMEwID4i","Element":"SQ","PrimaryAttribute":"QID1211623701","SecondaryAttribute":"How competent do you think player 1 is in games like these?","TertiaryAttribute":null,"Payload":{"QuestionText":"How competent do you think <span style=\"color:#3498db;\">player 1<\/span> is in games like these?","QuestionType":"MC","Selector":"SAHR","SubSelector":"TX","DataVisibility":{"Private":false,"Hidden":false},"Configuration":{"QuestionDescriptionOption":"UseText","LabelPosition":"BELOW"},"QuestionDescription":"How competent do you think player 1 is in games like these?","Choices":{"1":{"Display":"<span style=\"font-size: 19px;\">Not competent at all<br \/>\n1<\/span>"},"2":{"Display":"<span style=\"font-size:19px;\">2<\/span>"},"3":{"Display":"<span style=\"font-size:19px;\">3<\/span>"},"4":{"Display":"<span style=\"font-size:19px;\">4<\/span>"},"5":{"Display":"<span style=\"font-size:19px;\">5<\/span>"},"6":{"Display":"<span style=\"font-size:19px;\">6<\/span>"},"8":{"Display":"<span style=\"font-size:19px;\">Extremely competent<br \/>\n7<\/span>"}},"ChoiceOrder":["1","2","3","4","5","6","8"],"Validation":{"Settings":{"ForceResponse":"ON","ForceResponseType":"ON","Type":"None"}},"GradingData":[],"Language":[],"NextChoiceId":10,"NextAnswerId":1,"QuestionText_Unsafe":"On average, how good do you think these three experts are at predicting the value of stocks?","DataExportTag":"0_com_a","QuestionID":"QID1211623701","RecodeValues":{"1":"1","2":"2","3":"3","4":"4","5":"5","6":"6","8":"7"}}},{"SurveyID":"SV_0oIII7YEMEwID4i","Element":"SQ","PrimaryAttribute":"QID1211687479","SecondaryAttribute":"Imagine you are playing video games with a friend and at some point your friend says:\u00a0 \u00a0 \u201cI don","TertiaryAttribute":null,"Payload":{"QuestionText":"<span style=\"font-size:19px;\">Imagine you are playing video games with a friend and at some point your friend says:&nbsp;<\/span>\n<div>&nbsp;<\/div>\n\n<div><span style=\"font-size:19px;\">\u201cI don\u2019t want to play this game anymore! To make sure that you read the instructions, please write the three following words \"I pay attention\" in the box below. I really dislike this game, it's the most overrated game ever.\u201d&nbsp;<\/span><\/div>\n\n<div>&nbsp;<\/div>\n\n<div><span style=\"font-size:19px;\"><b>Do you agree with your friend?<\/b><\/span><\/div>","DefaultChoices":false,"QuestionType":"TE","Selector":"SL","Configuration":{"QuestionDescriptionOption":"UseText","AllowFreeResponse":"false","InputWidth":426,"InputHeight":29},"QuestionDescription":"Imagine you are playing video games with a friend and at some point your friend says:\u00a0 \u00a0 \u201cI don\u2019t...","Validation":{"Settings":{"ForceResponse":"ON","ForceResponseType":"ON","Type":"None"}},"GradingData":[],"Language":[],"NextChoiceId":4,"NextAnswerId":1,"DataVisibility":{"Private":false,"Hidden":false},"QuestionText_Unsafe":"<span style=\"font-size:19px;\">Imagine you are playing video games with a friend and at some point your friend says:&nbsp;<\/span>\n<div>&nbsp;<\/div>\n\n<div><span style=\"font-size:19px;\">\u201cI don\u2019t want to play this game anymore! To make sure that you read the instructions, please write the three following words \"I pay attention\" in the box below. I really dislike this game, it's the most overrated game ever.\u201d&nbsp;<\/span><\/div>\n\n<div>&nbsp;<\/div>\n\n<div><span style=\"font-size:19px;\"><b>Do you agree with your friend?<\/b><\/span><\/div>","SearchSource":{"AllowFreeResponse":"false"},"DataExportTag":"attention","QuestionID":"QID1211687479"}},{"SurveyID":"SV_0oIII7YEMEwID4i","Element":"SQ","PrimaryAttribute":"QID1211775186","SecondaryAttribute":"Thank you very much, you helped science today :) We are researchers interested in human psycholog...","TertiaryAttribute":null,"Payload":{"QuestionText":"<div>Thank you very much, you helped science today :)<\/div><div><br><\/div><div>We are researchers interested in human psychology.&nbsp;<\/div><div><br><\/div><div><b>Don't forget to click on the arrow to get your completion code!<\/b><\/div>","QuestionType":"DB","Selector":"TB","DataVisibility":{"Private":false,"Hidden":false},"Configuration":{"QuestionDescriptionOption":"UseText"},"QuestionDescription":"Thank you very much, you helped science today :) We are researchers interested in human psycholog...","ChoiceOrder":[],"Language":[],"NextChoiceId":1,"NextAnswerId":1,"QuestionText_Unsafe":"<div>Thank you very much, you helped science today :)<\/div><div><br><\/div><div>We are researchers interested in human psychology.&nbsp;<\/div><div><br><\/div><div><b>Don't forget to click on the arrow to get your completion code!<\/b><\/div>","DataExportTag":"Q5","QuestionID":"QID1211775186"}},{"SurveyID":"SV_0oIII7YEMEwID4i","Element":"SQ","PrimaryAttribute":"QID1211687481","SecondaryAttribute":"To understand your task, please read the following instructions carefully. \u00a0 Some people are play..","TertiaryAttribute":null,"Payload":{"QuestionText":"<p style=\"line-height:1.38;margin-top:0pt;margin-bottom:0pt;\" id=\"docs-internal-guid-66cd13a3-7fff-980d-ef26-d5c3dd173c36\" dir=\"ltr\"><strong>To understand your task, please read the following instructions carefully.<\/strong><\/p>\n\n<p style=\"line-height:1.38;margin-top:0pt;margin-bottom:0pt;\" dir=\"ltr\">&nbsp;<\/p>\n\n<p style=\"line-height:1.38;margin-top:0pt;margin-bottom:0pt;\" dir=\"ltr\">Some people are playing games in which they have to select the correct answer among three answers.<br>\n<br>\nYou will see the results of several of these games. Each game is different, with different solutions and involving different players.<br>\n<br>\nAll players answer independently of each other.<br>\n<br>\nBefore looking at the results, you have no idea how competent each individual player is: they might be completely at chance, or be very good at the task. It\u2019s also possible that some players are really good while others are really bad. Some games might be difficult while others are easy.\n<br>\n<br>\nYour task will be to evaluate the performance of one of the players based on what everyone\u2019s answers are.<\/p>","DefaultChoices":false,"QuestionType":"DB","Selector":"TB","Configuration":{"QuestionDescriptionOption":"UseText"},"QuestionDescription":"To understand your task, please read the following instructions carefully. \u00a0 Some people are play...","ChoiceOrder":[],"Validation":{"Settings":{"Type":"None"}},"GradingData":[],"Language":[],"NextChoiceId":4,"NextAnswerId":1,"DataVisibility":{"Private":false,"Hidden":false},"QuestionText_Unsafe":"<p dir=\"ltr\" id=\"docs-internal-guid-66cd13a3-7fff-980d-ef26-d5c3dd173c36\" style=\"line-height:1.38;margin-top:0pt;margin-bottom:0pt;\"><span style=\"font-size:19px;\"><span style=\"font-family: Arial; color: rgb(0, 0, 0); background-color: transparent; font-weight: 400; font-style: normal; font-variant: normal; text-decoration: none; vertical-align: baseline; white-space: pre-wrap;\">You will see four scenarios in which several experts predict the value of a stock. You have no idea how competent the experts are. It&rsquo;s also possible that some are really good while others are really bad. <\/span><\/span><br \/>\n<br \/>\n<span id=\"docs-internal-guid-61d2dba4-7fff-cc3c-2996-15e028c65d1e\" style=\"font-size:14.5pt;font-family:Arial;color:#000000;background-color:transparent;font-weight:400;font-style:normal;font-variant:normal;text-decoration:none;vertical-align:baseline;white-space:pre;white-space:pre-wrap;\">As it so happens, in all scenarios, the predictions for the value of the stock have to lie between 1000 and 2000. Other than that, the scenarios are <\/span><span style=\"font-size:14.5pt;font-family:Arial;color:#000000;background-color:transparent;font-weight:700;font-style:normal;font-variant:normal;text-decoration:none;vertical-align:baseline;white-space:pre;white-space:pre-wrap;\">completely unrelated<\/span><span style=\"font-size:14.5pt;font-family:Arial;color:#000000;background-color:transparent;font-weight:400;font-style:normal;font-variant:normal;text-decoration:none;vertical-align:baseline;white-space:pre;white-space:pre-wrap;\">: it is different experts predicting the values of different stocks every time.<\/span><\/p>","DataExportTag":"explanation","QuestionID":"QID1211687481"}},{"SurveyID":"SV_0oIII7YEMEwID4i","Element":"SQ","PrimaryAttribute":"QID1211687480","SecondaryAttribute":"We invite you to participate in a scientific experiment. Participation requires that you give you...","TertiaryAttribute":null,"Payload":{"QuestionText":"<div>We invite you to participate in a scientific experiment. Participation requires that you give your informed consent. Before proceeding, please consider the following information:<br>\n<br><\/div><div>\nThe study will take about <b>4 <\/b><span style=\"font-weight: 700;\">m<\/span><strong>inutes<\/strong>&nbsp;to complete.<br>\n<br>\nThere are no risks involved in this study.<br>\n<br>\nYou will be paid for your participation at the posted rate (provided that you complete the whole study, including demographic questions).<br>\n<br>\nYour individual privacy will be maintained in all published and written data resulting from the study.<br>\n&nbsp;<br>\nParticipation in this research study is voluntary. You may choose not to participate.<br>\n&nbsp;<\/div>\n\n<div>By ticking the box below, and proceeding to the study task you certify that you have read this form, and agreed to participate in accordance with the above conditions.<\/div>","QuestionType":"MC","Selector":"SAVR","SubSelector":"TX","Configuration":{"QuestionDescriptionOption":"UseText"},"QuestionDescription":"We invite you to participate in a scientific experiment. Participation requires that you give you...","Choices":{"1":{"Display":"I give my informed consent to participate in this study."}},"ChoiceOrder":[1],"Validation":{"Settings":{"ForceResponse":"ON","ForceResponseType":"ON","Type":"None"}},"Language":[],"NextChoiceId":2,"NextAnswerId":1,"DataVisibility":{"Private":false,"Hidden":false},"QuestionText_Unsafe":"<div>We invite you to participate in a scientific experiment. Participation requires that you give your informed consent. Before proceeding, please consider the following information:<br>\n<br><\/div><div>\nThe survey will take about <b>5 <\/b><span style=\"font-weight: 700;\">m<\/span><strong>inutes<\/strong>&nbsp;to complete.<br>\n<br>\nThere are no risks involved in this study.<br>\n<br>\nYou will be paid for your participation at the posted rate (provided that you complete the whole study, including demographic questions).<br>\n<br>\nYour individual privacy will be maintained in all published and written data resulting from the study.<br>\n&nbsp;<br>\nParticipation in this research study is voluntary. You may choose not to participate.<br>\n&nbsp;<\/div>\n\n<div>By ticking the box below, and proceeding to the study task you certify that you have read this form, and agreed to participate in accordance with the above conditions.<\/div>","DataExportTag":"consent","QuestionID":"QID1211687480"}},{"SurveyID":"SV_0oIII7YEMEwID4i","Element":"SQ","PrimaryAttribute":"QID11","SecondaryAttribute":"What do you think is the probability of player 1 being correct?","TertiaryAttribute":null,"Payload":{"QuestionText":"What do you think is the probability of <span style=\"color:#3498db;\">player 1<\/span> being correct?","DefaultChoices":false,"DataExportTag":"0_acc_a","QuestionType":"Slider","Selector":"HSLIDER","Configuration":{"QuestionDescriptionOption":"UseText","CSSliderMin":0,"CSSliderMax":100,"GridLines":10,"SnapToGrid":false,"NumDecimals":"0","ShowValue":true,"CustomStart":true,"NotApplicable":false,"MobileFirst":true,"SliderStartPositions":{"1":0}},"QuestionDescription":"What do you think is the probability of player 1 being correct?","Choices":{"1":{"Display":"Probability of being correct"}},"ChoiceOrder":[1],"Validation":{"Settings":{"ForceResponse":"ON","ForceResponseType":"ON","Type":"None"}},"GradingData":[],"Language":[],"NextChoiceId":2,"NextAnswerId":1,"Labels":[],"QuestionID":"QID11","DataVisibility":{"Private":false,"Hidden":false}}},{"SurveyID":"SV_0oIII7YEMEwID4i","Element":"SQ","PrimaryAttribute":"QID39","SecondaryAttribute":"What do you think is the probability of player 1 being correct?","TertiaryAttribute":null,"Payload":{"QuestionText":"What do you think is the probability of <span style=\"color:#3498db;\">player 1<\/span> being correct?","DefaultChoices":false,"QuestionType":"Slider","Selector":"HSLIDER","Configuration":{"QuestionDescriptionOption":"UseText","CSSliderMin":0,"CSSliderMax":100,"GridLines":10,"SnapToGrid":false,"NumDecimals":"0","ShowValue":true,"CustomStart":true,"NotApplicable":false,"MobileFirst":true,"SliderStartPositions":{"1":0}},"QuestionDescription":"What do you think is the probability of player 1 being correct?","Choices":{"1":{"Display":"Probability of being correct"}},"ChoiceOrder":[1],"Validation":{"Settings":{"ForceResponse":"ON","ForceResponseType":"ON","Type":"None"}},"GradingData":[],"Language":[],"NextChoiceId":2,"NextAnswerId":1,"Labels":[],"DataVisibility":{"Private":false,"Hidden":false},"QuestionText_Unsafe":"What do you think is the probability of <span style=\"color:#3498db;\">player 1<\/span> being correct?","DataExportTag":"0_acc_b","QuestionID":"QID39"}},{"SurveyID":"SV_0oIII7YEMEwID4i","Element":"SQ","PrimaryAttribute":"QID44","SecondaryAttribute":"What do you think is the probability of player 1 being correct?","TertiaryAttribute":null,"Payload":{"QuestionText":"What do you think is the probability of <span style=\"color:#3498db;\">player 1<\/span> being correct?","DefaultChoices":false,"QuestionType":"Slider","Selector":"HSLIDER","Configuration":{"QuestionDescriptionOption":"UseText","CSSliderMin":0,"CSSliderMax":100,"GridLines":10,"SnapToGrid":false,"NumDecimals":"0","ShowValue":true,"CustomStart":true,"NotApplicable":false,"MobileFirst":true,"SliderStartPositions":{"1":0}},"QuestionDescription":"What do you think is the probability of player 1 being correct?","Choices":{"1":{"Display":"Probability of being correct"}},"ChoiceOrder":[1],"Validation":{"Settings":{"ForceResponse":"ON","ForceResponseType":"ON","Type":"None"}},"GradingData":[],"Language":[],"NextChoiceId":2,"NextAnswerId":1,"Labels":[],"DataVisibility":{"Private":false,"Hidden":false},"QuestionText_Unsafe":"What do you think is the probability of <span style=\"color:#3498db;\">player 1<\/span> being correct?","DataExportTag":"1_acc_a","QuestionID":"QID44"}},{"SurveyID":"SV_0oIII7YEMEwID4i","Element":"SQ","PrimaryAttribute":"QID49","SecondaryAttribute":"What do you think is the probability of player 1 being correct?","TertiaryAttribute":null,"Payload":{"QuestionText":"What do you think is the probability of <span style=\"color:#3498db;\">player 1<\/span> being correct?","DefaultChoices":false,"QuestionType":"Slider","Selector":"HSLIDER","Configuration":{"QuestionDescriptionOption":"UseText","CSSliderMin":0,"CSSliderMax":100,"GridLines":10,"SnapToGrid":false,"NumDecimals":"0","ShowValue":true,"CustomStart":true,"NotApplicable":false,"MobileFirst":true,"SliderStartPositions":{"1":0}},"QuestionDescription":"What do you think is the probability of player 1 being correct?","Choices":{"1":{"Display":"Probability of being correct"}},"ChoiceOrder":[1],"Validation":{"Settings":{"ForceResponse":"ON","ForceResponseType":"ON","Type":"None"}},"GradingData":[],"Language":[],"NextChoiceId":2,"NextAnswerId":1,"Labels":[],"DataVisibility":{"Private":false,"Hidden":false},"QuestionText_Unsafe":"What do you think is the probability of <span style=\"color:#3498db;\">player 1<\/span> being correct?","DataExportTag":"1_acc_b","QuestionID":"QID49"}},{"SurveyID":"SV_0oIII7YEMEwID4i","Element":"SQ","PrimaryAttribute":"QID54","SecondaryAttribute":"What do you think is the probability of player 1 being correct?","TertiaryAttribute":null,"Payload":{"QuestionText":"What do you think is the probability of <span style=\"color:#3498db;\">player 1<\/span> being correct?","DefaultChoices":false,"QuestionType":"Slider","Selector":"HSLIDER","Configuration":{"QuestionDescriptionOption":"UseText","CSSliderMin":0,"CSSliderMax":100,"GridLines":10,"SnapToGrid":false,"NumDecimals":"0","ShowValue":true,"CustomStart":true,"NotApplicable":false,"MobileFirst":true,"SliderStartPositions":{"1":0}},"QuestionDescription":"What do you think is the probability of player 1 being correct?","Choices":{"1":{"Display":"Probability of being correct"}},"ChoiceOrder":[1],"Validation":{"Settings":{"ForceResponse":"ON","ForceResponseType":"ON","Type":"None"}},"GradingData":[],"Language":[],"NextChoiceId":2,"NextAnswerId":1,"Labels":[],"DataVisibility":{"Private":false,"Hidden":false},"QuestionText_Unsafe":"What do you think is the probability of <span style=\"color:#3498db;\">player 1<\/span> being correct?","DataExportTag":"2_acc_a","QuestionID":"QID54"}},{"SurveyID":"SV_0oIII7YEMEwID4i","Element":"SQ","PrimaryAttribute":"QID59","SecondaryAttribute":"What do you think is the probability of player 1 being correct?","TertiaryAttribute":null,"Payload":{"QuestionText":"What do you think is the probability of <span style=\"color:#3498db;\">player 1<\/span> being correct?","DefaultChoices":false,"QuestionType":"Slider","Selector":"HSLIDER","Configuration":{"QuestionDescriptionOption":"UseText","CSSliderMin":0,"CSSliderMax":100,"GridLines":10,"SnapToGrid":false,"NumDecimals":"0","ShowValue":true,"CustomStart":true,"NotApplicable":false,"MobileFirst":true,"SliderStartPositions":{"1":0}},"QuestionDescription":"What do you think is the probability of player 1 being correct?","Choices":{"1":{"Display":"Probability of being correct"}},"ChoiceOrder":[1],"Validation":{"Settings":{"ForceResponse":"ON","ForceResponseType":"ON","Type":"None"}},"GradingData":[],"Language":[],"NextChoiceId":2,"NextAnswerId":1,"Labels":[],"DataVisibility":{"Private":false,"Hidden":false},"QuestionText_Unsafe":"What do you think is the probability of <span style=\"color:#3498db;\">player 1<\/span> being correct?","DataExportTag":"2_acc_b","QuestionID":"QID59"}},{"SurveyID":"SV_0oIII7YEMEwID4i","Element":"SQ","PrimaryAttribute":"QID64","SecondaryAttribute":"What do you think is the probability of player 1 being correct?","TertiaryAttribute":null,"Payload":{"QuestionText":"What do you think is the probability of <span style=\"color:#3498db;\">player 1<\/span> being correct?","DefaultChoices":false,"QuestionType":"Slider","Selector":"HSLIDER","Configuration":{"QuestionDescriptionOption":"UseText","CSSliderMin":0,"CSSliderMax":100,"GridLines":10,"SnapToGrid":false,"NumDecimals":"0","ShowValue":true,"CustomStart":true,"NotApplicable":false,"MobileFirst":true,"SliderStartPositions":{"1":0}},"QuestionDescription":"What do you think is the probability of player 1 being correct?","Choices":{"1":{"Display":"Probability of being correct"}},"ChoiceOrder":[1],"Validation":{"Settings":{"ForceResponse":"ON","ForceResponseType":"ON","Type":"None"}},"GradingData":[],"Language":[],"NextChoiceId":2,"NextAnswerId":1,"Labels":[],"DataVisibility":{"Private":false,"Hidden":false},"QuestionText_Unsafe":"What do you think is the probability of <span style=\"color:#3498db;\">player 1<\/span> being correct?","DataExportTag":"3_acc_a","QuestionID":"QID64"}},{"SurveyID":"SV_0oIII7YEMEwID4i","Element":"SQ","PrimaryAttribute":"QID69","SecondaryAttribute":"What do you think is the probability of player 1 being correct?","TertiaryAttribute":null,"Payload":{"QuestionText":"What do you think is the probability of <span style=\"color:#3498db;\">player 1<\/span> being correct?","DefaultChoices":false,"QuestionType":"Slider","Selector":"HSLIDER","Configuration":{"QuestionDescriptionOption":"UseText","CSSliderMin":0,"CSSliderMax":100,"GridLines":10,"SnapToGrid":false,"NumDecimals":"0","ShowValue":true,"CustomStart":true,"NotApplicable":false,"MobileFirst":true,"SliderStartPositions":{"1":0}},"QuestionDescription":"What do you think is the probability of player 1 being correct?","Choices":{"1":{"Display":"Probability of being correct"}},"ChoiceOrder":[1],"Validation":{"Settings":{"ForceResponse":"ON","ForceResponseType":"ON","Type":"None"}},"GradingData":[],"Language":[],"NextChoiceId":2,"NextAnswerId":1,"Labels":[],"DataVisibility":{"Private":false,"Hidden":false},"QuestionText_Unsafe":"What do you think is the probability of <span style=\"color:#3498db;\">player 1<\/span> being correct?","DataExportTag":"3_acc_b","QuestionID":"QID69"}},{"SurveyID":"SV_0oIII7YEMEwID4i","Element":"SQ","PrimaryAttribute":"QID1211775185","SecondaryAttribute":"What is the highest level of education you have completed?","TertiaryAttribute":null,"Payload":{"QuestionText":"What is the highest level of <b>education<\/b> you have completed?","QuestionType":"MC","Selector":"SAVR","SubSelector":"TX","DataVisibility":{"Private":false,"Hidden":false},"Configuration":{"QuestionDescriptionOption":"UseText"},"QuestionDescription":"What is the highest level of education you have completed?","Choices":{"1":{"Display":"Less than High School"},"2":{"Display":"High School \/ GED"},"3":{"Display":"Some College"},"4":{"Display":"2-year College Degree"},"5":{"Display":"3- or 4-year College Degree"},"6":{"Display":"Master's Degree"},"7":{"Display":"Doctoral Degree"},"8":{"Display":"Professional Degree (JD, MD)"}},"ChoiceOrder":["1","2","3","4","5","6","7","8"],"Randomization":{"Type":"None"},"Validation":{"Settings":{"ForceResponse":"ON","ForceResponseType":"ON","Type":"None"}},"Language":[],"NextChoiceId":9,"NextAnswerId":1,"QuestionText_Unsafe":"What is the highest level of <b>education<\/b> you have completed?","DataExportTag":"education","QuestionID":"QID1211775185"}},{"SurveyID":"SV_0oIII7YEMEwID4i","Element":"SQ","PrimaryAttribute":"QID1211775184","SecondaryAttribute":"What is your age?","TertiaryAttribute":null,"Payload":{"QuestionText":"What is your <b>age<\/b>?","QuestionType":"TE","Selector":"SL","DataVisibility":{"Private":false,"Hidden":false},"Configuration":{"QuestionDescriptionOption":"UseText","AllowFreeResponse":"false"},"QuestionDescription":"What is your age?","Randomization":{"Type":"None"},"Validation":{"Settings":{"ForceResponse":"ON","ForceResponseType":"ON","Type":"MinChar","MinChars":"2","ValidDateType":"DateWithFormat","ValidPhoneType":"ValidUSPhone","ValidZipType":"ValidUSZip","ValidNumber":{"Min":"2","Max":"4"}}},"Language":[],"NextChoiceId":2,"NextAnswerId":1,"QuestionText_Unsafe":"What is your <b>age<\/b>?","SearchSource":{"AllowFreeResponse":"false"},"DataExportTag":"age","QuestionID":"QID1211775184"}},{"SurveyID":"SV_0oIII7YEMEwID4i","Element":"SQ","PrimaryAttribute":"QID1211775183","SecondaryAttribute":"What is your gender?","TertiaryAttribute":null,"Payload":{"QuestionText":"What is your <b>gender<\/b>?","QuestionType":"MC","Selector":"SAVR","SubSelector":"TX","DataVisibility":{"Private":false,"Hidden":false},"Configuration":{"QuestionDescriptionOption":"UseText"},"QuestionDescription":"What is your gender?","Choices":{"1":{"Display":"Male"},"2":{"Display":"Female"},"3":{"Display":"Other"}},"ChoiceOrder":["1","2","3"],"Randomization":{"Type":"None"},"Validation":{"Settings":{"ForceResponse":"ON","ForceResponseType":"ON","Type":"None"}},"Language":[],"NextChoiceId":4,"NextAnswerId":1,"QuestionText_Unsafe":"What is your <b>gender<\/b>?","DataExportTag":"gender","QuestionID":"QID1211775183"}}]}